
Microsoft Visual Studio Solution File, Format Version 12.00
# Visual Studio Version 17
VisualStudioVersion = 17.4.33110.190
MinimumVisualStudioVersion = 10.0.40219.1
Project("{FAE04EC0-301F-11D3-BF4B-00C04F79EFBC}") = "7-Tipos-Condicionais-Salário", "7-Tipos-Condicionais-Salário\7-Tipos-Condicionais-Salário.csproj", "{7B3693E4-55F2-4C47-B767-CB59EC32E01A}"
EndProject
Global
	GlobalSection(SolutionConfigurationPlatforms) = preSolution
		Debug|Any CPU = Debug|Any CPU
		Release|Any CPU = Release|Any CPU
	EndGlobalSection
	GlobalSection(ProjectConfigurationPlatforms) = postSolution
		{7B3693E4-55F2-4C47-B767-CB59EC32E01A}.Debug|Any CPU.ActiveCfg = Debug|Any CPU
		{7B3693E4-55F2-4C47-B767-CB59EC32E01A}.Debug|Any CPU.Build.0 = Debug|Any CPU
		{7B3693E4-55F2-4C47-B767-CB59EC32E01A}.Release|Any CPU.ActiveCfg = Release|Any CPU
		{7B3693E4-55F2-4C47-B767-CB59EC32E01A}.Release|Any CPU.Build.0 = Release|Any CPU
	EndGlobalSection
	GlobalSection(SolutionProperties) = preSolution
		HideSolutionNode = FALSE
	EndGlobalSection
	GlobalSection(ExtensibilityGlobals) = postSolution
		SolutionGuid = {AC8A48C4-5563-4986-8460-963B71B92A9C}
	EndGlobalSection
EndGlobal
